// !$*UTF8*$!
{
	archiveVersion = 1;
	classes = {
	};
	objectVersion = 55;
	objects = {

/* Begin PBXBuildFile section */
		F6825AAB2730ACFB00D2E438 /* AppDelegate.swift in Sources */ = {isa = PBXBuildFile; fileRef = F6825AAA2730ACFB00D2E438 /* AppDelegate.swift */; };
		F6825AAD2730ACFB00D2E438 /* SceneDelegate.swift in Sources */ = {isa = PBXBuildFile; fileRef = F6825AAC2730ACFB00D2E438 /* SceneDelegate.swift */; };
		F6825AB22730ACFB00D2E438 /* Main.storyboard in Resources */ = {isa = PBXBuildFile; fileRef = F6825AB02730ACFB00D2E438 /* Main.storyboard */; };
		F6825AB42730ACFC00D2E438 /* Assets.xcassets in Resources */ = {isa = PBXBuildFile; fileRef = F6825AB32730ACFC00D2E438 /* Assets.xcassets */; };
		F6825AB72730ACFC00D2E438 /* LaunchScreen.storyboard in Resources */ = {isa = PBXBuildFile; fileRef = F6825AB52730ACFC00D2E438 /* LaunchScreen.storyboard */; };
		F6825AC22730ACFC00D2E438 /* MemerlyTests.swift in Sources */ = {isa = PBXBuildFile; fileRef = F6825AC12730ACFC00D2E438 /* MemerlyTests.swift */; };
		F6825ACC2730ACFC00D2E438 /* MemerlyUITests.swift in Sources */ = {isa = PBXBuildFile; fileRef = F6825ACB2730ACFC00D2E438 /* MemerlyUITests.swift */; };
		F6825ACE2730ACFC00D2E438 /* MemerlyUITestsLaunchTests.swift in Sources */ = {isa = PBXBuildFile; fileRef = F6825ACD2730ACFC00D2E438 /* MemerlyUITestsLaunchTests.swift */; };
		F6A69DD4273F216B00D86F2B /* LoginViewController.swift in Sources */ = {isa = PBXBuildFile; fileRef = F6A69DD3273F216B00D86F2B /* LoginViewController.swift */; };
		F6A69DD8273F21B100D86F2B /* SignupViewController.swift in Sources */ = {isa = PBXBuildFile; fileRef = F6A69DD7273F21B100D86F2B /* SignupViewController.swift */; };
		F6A69DDA273F21D800D86F2B /* FeedViewController.swift in Sources */ = {isa = PBXBuildFile; fileRef = F6A69DD9273F21D800D86F2B /* FeedViewController.swift */; };
		F6A69DDC273F220E00D86F2B /* PostViewController.swift in Sources */ = {isa = PBXBuildFile; fileRef = F6A69DDB273F220E00D86F2B /* PostViewController.swift */; };
		F6A69DDE273F223300D86F2B /* ProfileViewController.swift in Sources */ = {isa = PBXBuildFile; fileRef = F6A69DDD273F223300D86F2B /* ProfileViewController.swift */; };
/* End PBXBuildFile section */

/* Begin PBXContainerItemProxy section */
		F6825ABE2730ACFC00D2E438 /* PBXContainerItemProxy */ = {
			isa = PBXContainerItemProxy;
			containerPortal = F6825A9F2730ACFB00D2E438 /* Project object */;
			proxyType = 1;
			remoteGlobalIDString = F6825AA62730ACFB00D2E438;
			remoteInfo = Memerly;
		};
		F6825AC82730ACFC00D2E438 /* PBXContainerItemProxy */ = {
			isa = PBXContainerItemProxy;
			containerPortal = F6825A9F2730ACFB00D2E438 /* Project object */;
			proxyType = 1;
			remoteGlobalIDString = F6825AA62730ACFB00D2E438;
			remoteInfo = Memerly;
		};
/* End PBXContainerItemProxy section */

/* Begin PBXFileReference section */
		F6825AA72730ACFB00D2E438 /* Memerly.app */ = {isa = PBXFileReference; explicitFileType = wrapper.application; includeInIndex = 0; path = Memerly.app; sourceTree = BUILT_PRODUCTS_DIR; };
		F6825AAA2730ACFB00D2E438 /* AppDelegate.swift */ = {isa = PBXFileReference; lastKnownFileType = sourcecode.swift; path = AppDelegate.swift; sourceTree = "<group>"; };
		F6825AAC2730ACFB00D2E438 /* SceneDelegate.swift */ = {isa = PBXFileReference; lastKnownFileType = sourcecode.swift; path = SceneDelegate.swift; sourceTree = "<group>"; };
		F6825AB12730ACFB00D2E438 /* Base */ = {isa = PBXFileReference; lastKnownFileType = file.storyboard; name = Base; path = Base.lproj/Main.storyboard; sourceTree = "<group>"; };
		F6825AB32730ACFC00D2E438 /* Assets.xcassets */ = {isa = PBXFileReference; lastKnownFileType = folder.assetcatalog; path = Assets.xcassets; sourceTree = "<group>"; };
		F6825AB62730ACFC00D2E438 /* Base */ = {isa = PBXFileReference; lastKnownFileType = file.storyboard; name = Base; path = Base.lproj/LaunchScreen.storyboard; sourceTree = "<group>"; };
		F6825AB82730ACFC00D2E438 /* Info.plist */ = {isa = PBXFileReference; lastKnownFileType = text.plist.xml; path = Info.plist; sourceTree = "<group>"; };
		F6825ABD2730ACFC00D2E438 /* MemerlyTests.xctest */ = {isa = PBXFileReference; explicitFileType = wrapper.cfbundle; includeInIndex = 0; path = MemerlyTests.xctest; sourceTree = BUILT_PRODUCTS_DIR; };
		F6825AC12730ACFC00D2E438 /* MemerlyTests.swift */ = {isa = PBXFileReference; lastKnownFileType = sourcecode.swift; path = MemerlyTests.swift; sourceTree = "<group>"; };
		F6825AC72730ACFC00D2E438 /* MemerlyUITests.xctest */ = {isa = PBXFileReference; explicitFileType = wrapper.cfbundle; includeInIndex = 0; path = MemerlyUITests.xctest; sourceTree = BUILT_PRODUCTS_DIR; };
		F6825ACB2730ACFC00D2E438 /* MemerlyUITests.swift */ = {isa = PBXFileReference; lastKnownFileType = sourcecode.swift; path = MemerlyUITests.swift; sourceTree = "<group>"; };
		F6825ACD2730ACFC00D2E438 /* MemerlyUITestsLaunchTests.swift */ = {isa = PBXFileReference; lastKnownFileType = sourcecode.swift; path = MemerlyUITestsLaunchTests.swift; sourceTree = "<group>"; };
		F6A69DD3273F216B00D86F2B /* LoginViewController.swift */ = {isa = PBXFileReference; lastKnownFileType = sourcecode.swift; path = LoginViewController.swift; sourceTree = "<group>"; };
		F6A69DD7273F21B100D86F2B /* SignupViewController.swift */ = {isa = PBXFileReference; lastKnownFileType = sourcecode.swift; path = SignupViewController.swift; sourceTree = "<group>"; };
		F6A69DD9273F21D800D86F2B /* FeedViewController.swift */ = {isa = PBXFileReference; lastKnownFileType = sourcecode.swift; path = FeedViewController.swift; sourceTree = "<group>"; };
		F6A69DDB273F220E00D86F2B /* PostViewController.swift */ = {isa = PBXFileReference; lastKnownFileType = sourcecode.swift; path = PostViewController.swift; sourceTree = "<group>"; };
		F6A69DDD273F223300D86F2B /* ProfileViewController.swift */ = {isa = PBXFileReference; lastKnownFileType = sourcecode.swift; path = ProfileViewController.swift; sourceTree = "<group>"; };
/* End PBXFileReference section */

/* Begin PBXFrameworksBuildPhase section */
		F6825AA42730ACFB00D2E438 /* Frameworks */ = {
			isa = PBXFrameworksBuildPhase;
			buildActionMask = 2147483647;
			files = (
			);
			runOnlyForDeploymentPostprocessing = 0;
		};
		F6825ABA2730ACFC00D2E438 /* Frameworks */ = {
			isa = PBXFrameworksBuildPhase;
			buildActionMask = 2147483647;
			files = (
			);
			runOnlyForDeploymentPostprocessing = 0;
		};
		F6825AC42730ACFC00D2E438 /* Frameworks */ = {
			isa = PBXFrameworksBuildPhase;
			buildActionMask = 2147483647;
			files = (
			);
			runOnlyForDeploymentPostprocessing = 0;
		};
/* End PBXFrameworksBuildPhase section */

/* Begin PBXGroup section */
		F6825A9E2730ACFB00D2E438 = {
			isa = PBXGroup;
			children = (
				F6825AA92730ACFB00D2E438 /* Memerly */,
				F6825AC02730ACFC00D2E438 /* MemerlyTests */,
				F6825ACA2730ACFC00D2E438 /* MemerlyUITests */,
				F6825AA82730ACFB00D2E438 /* Products */,
			);
			sourceTree = "<group>";
		};
		F6825AA82730ACFB00D2E438 /* Products */ = {
			isa = PBXGroup;
			children = (
				F6825AA72730ACFB00D2E438 /* Memerly.app */,
				F6825ABD2730ACFC00D2E438 /* MemerlyTests.xctest */,
				F6825AC72730ACFC00D2E438 /* MemerlyUITests.xctest */,
			);
			name = Products;
			sourceTree = "<group>";
		};
		F6825AA92730ACFB00D2E438 /* Memerly */ = {
			isa = PBXGroup;
			children = (
				F6825AAA2730ACFB00D2E438 /* AppDelegate.swift */,
				F6825AAC2730ACFB00D2E438 /* SceneDelegate.swift */,
				F6825AB02730ACFB00D2E438 /* Main.storyboard */,
				F6825AB32730ACFC00D2E438 /* Assets.xcassets */,
				F6825AB52730ACFC00D2E438 /* LaunchScreen.storyboard */,
				F6825AB82730ACFC00D2E438 /* Info.plist */,
				F6A69DD3273F216B00D86F2B /* LoginViewController.swift */,
				F6A69DD7273F21B100D86F2B /* SignupViewController.swift */,
				F6A69DD9273F21D800D86F2B /* FeedViewController.swift */,
				F6A69DDB273F220E00D86F2B /* PostViewController.swift */,
				F6A69DDD273F223300D86F2B /* ProfileViewController.swift */,
			);
			path = Memerly;
			sourceTree = "<group>";
		};
		F6825AC02730ACFC00D2E438 /* MemerlyTests */ = {
			isa = PBXGroup;
			children = (
				F6825AC12730ACFC00D2E438 /* MemerlyTests.swift */,
			);
			path = MemerlyTests;
			sourceTree = "<group>";
		};
		F6825ACA2730ACFC00D2E438 /* MemerlyUITests */ = {
			isa = PBXGroup;
			children = (
				F6825ACB2730ACFC00D2E438 /* MemerlyUITests.swift */,
				F6825ACD2730ACFC00D2E438 /* MemerlyUITestsLaunchTests.swift */,
			);
			path = MemerlyUITests;
			sourceTree = "<group>";
		};
/* End PBXGroup section */

/* Begin PBXNativeTarget section */
		F6825AA62730ACFB00D2E438 /* Memerly */ = {
			isa = PBXNativeTarget;
			buildConfigurationList = F6825AD12730ACFC00D2E438 /* Build configuration list for PBXNativeTarget "Memerly" */;
			buildPhases = (
				F6825AA32730ACFB00D2E438 /* Sources */,
				F6825AA42730ACFB00D2E438 /* Frameworks */,
				F6825AA52730ACFB00D2E438 /* Resources */,
			);
			buildRules = (
			);
			dependencies = (
			);
			name = Memerly;
			productName = Memerly;
			productReference = F6825AA72730ACFB00D2E438 /* Memerly.app */;
			productType = "com.apple.product-type.application";
		};
		F6825ABC2730ACFC00D2E438 /* MemerlyTests */ = {
			isa = PBXNativeTarget;
			buildConfigurationList = F6825AD42730ACFC00D2E438 /* Build configuration list for PBXNativeTarget "MemerlyTests" */;
			buildPhases = (
				F6825AB92730ACFC00D2E438 /* Sources */,
				F6825ABA2730ACFC00D2E438 /* Frameworks */,
				F6825ABB2730ACFC00D2E438 /* Resources */,
			);
			buildRules = (
			);
			dependencies = (
				F6825ABF2730ACFC00D2E438 /* PBXTargetDependency */,
			);
			name = MemerlyTests;
			productName = MemerlyTests;
			productReference = F6825ABD2730ACFC00D2E438 /* MemerlyTests.xctest */;
			productType = "com.apple.product-type.bundle.unit-test";
		};
		F6825AC62730ACFC00D2E438 /* MemerlyUITests */ = {
			isa = PBXNativeTarget;
			buildConfigurationList = F6825AD72730ACFC00D2E438 /* Build configuration list for PBXNativeTarget "MemerlyUITests" */;
			buildPhases = (
				F6825AC32730ACFC00D2E438 /* Sources */,
				F6825AC42730ACFC00D2E438 /* Frameworks */,
				F6825AC52730ACFC00D2E438 /* Resources */,
			);
			buildRules = (
			);
			dependencies = (
				F6825AC92730ACFC00D2E438 /* PBXTargetDependency */,
			);
			name = MemerlyUITests;
			productName = MemerlyUITests;
			productReference = F6825AC72730ACFC00D2E438 /* MemerlyUITests.xctest */;
			productType = "com.apple.product-type.bundle.ui-testing";
		};
/* End PBXNativeTarget section */

/* Begin PBXProject section */
		F6825A9F2730ACFB00D2E438 /* Project object */ = {
			isa = PBXProject;
			attributes = {
				BuildIndependentTargetsInParallel = 1;
				LastSwiftUpdateCheck = 1310;
				LastUpgradeCheck = 1310;
				TargetAttributes = {
					F6825AA62730ACFB00D2E438 = {
						CreatedOnToolsVersion = 13.1;
					};
					F6825ABC2730ACFC00D2E438 = {
						CreatedOnToolsVersion = 13.1;
						TestTargetID = F6825AA62730ACFB00D2E438;
					};
					F6825AC62730ACFC00D2E438 = {
						CreatedOnToolsVersion = 13.1;
						TestTargetID = F6825AA62730ACFB00D2E438;
					};
				};
			};
			buildConfigurationList = F6825AA22730ACFB00D2E438 /* Build configuration list for PBXProject "Memerly" */;
			compatibilityVersion = "Xcode 13.0";
			developmentRegion = en;
			hasScannedForEncodings = 0;
			knownRegions = (
				en,
				Base,
			);
			mainGroup = F6825A9E2730ACFB00D2E438;
			productRefGroup = F6825AA82730ACFB00D2E438 /* Products */;
			projectDirPath = "";
			projectRoot = "";
			targets = (
				F6825AA62730ACFB00D2E438 /* Memerly */,
				F6825ABC2730ACFC00D2E438 /* MemerlyTests */,
				F6825AC62730ACFC00D2E438 /* MemerlyUITests */,
			);
		};
/* End PBXProject section */

/* Begin PBXResourcesBuildPhase section */
		F6825AA52730ACFB00D2E438 /* Resources */ = {
			isa = PBXResourcesBuildPhase;
			buildActionMask = 2147483647;
			files = (
				F6825AB72730ACFC00D2E438 /* LaunchScreen.storyboard in Resources */,
				F6825AB42730ACFC00D2E438 /* Assets.xcassets in Resources */,
				F6825AB22730ACFB00D2E438 /* Main.storyboard in Resources */,
			);
			runOnlyForDeploymentPostprocessing = 0;
		};
		F6825ABB2730ACFC00D2E438 /* Resources */ = {
			isa = PBXResourcesBuildPhase;
			buildActionMask = 2147483647;
			files = (
			);
			runOnlyForDeploymentPostprocessing = 0;
		};
		F6825AC52730ACFC00D2E438 /* Resources */ = {
			isa = PBXResourcesBuildPhase;
			buildActionMask = 2147483647;
			files = (
			);
			runOnlyForDeploymentPostprocessing = 0;
		};
/* End PBXResourcesBuildPhase section */

/* Begin PBXSourcesBuildPhase section */
		F6825AA32730ACFB00D2E438 /* Sources */ = {
			isa = PBXSourcesBuildPhase;
			buildActionMask = 2147483647;
			files = (
				F6A69DDC273F220E00D86F2B /* PostViewController.swift in Sources */,
				F6A69DD4273F216B00D86F2B /* LoginViewController.swift in Sources */,
				F6825AAB2730ACFB00D2E438 /* AppDelegate.swift in Sources */,
				F6A69DDA273F21D800D86F2B /* FeedViewController.swift in Sources */,
				F6A69DDE273F223300D86F2B /* ProfileViewController.swift in Sources */,
				F6A69DD8273F21B100D86F2B /* SignupViewController.swift in Sources */,
				F6825AAD2730ACFB00D2E438 /* SceneDelegate.swift in Sources */,
			);
			runOnlyForDeploymentPostprocessing = 0;
		};
		F6825AB92730ACFC00D2E438 /* Sources */ = {
			isa = PBXSourcesBuildPhase;
			buildActionMask = 2147483647;
			files = (
				F6825AC22730ACFC00D2E438 /* MemerlyTests.swift in Sources */,
			);
			runOnlyForDeploymentPostprocessing = 0;
		};
		F6825AC32730ACFC00D2E438 /* Sources */ = {
			isa = PBXSourcesBuildPhase;
			buildActionMask = 2147483647;
			files = (
				F6825ACE2730ACFC00D2E438 /* MemerlyUITestsLaunchTests.swift in Sources */,
				F6825ACC2730ACFC00D2E438 /* MemerlyUITests.swift in Sources */,
			);
			runOnlyForDeploymentPostprocessing = 0;
		};
/* End PBXSourcesBuildPhase section */

/* Begin PBXTargetDependency section */
		F6825ABF2730ACFC00D2E438 /* PBXTargetDependency */ = {
			isa = PBXTargetDependency;
			target = F6825AA62730ACFB00D2E438 /* Memerly */;
			targetProxy = F6825ABE2730ACFC00D2E438 /* PBXContainerItemProxy */;
		};
		F6825AC92730ACFC00D2E438 /* PBXTargetDependency */ = {
			isa = PBXTargetDependency;
			target = F6825AA62730ACFB00D2E438 /* Memerly */;
			targetProxy = F6825AC82730ACFC00D2E438 /* PBXContainerItemProxy */;
		};
/* End PBXTargetDependency section */

/* Begin PBXVariantGroup section */
		F6825AB02730ACFB00D2E438 /* Main.storyboard */ = {
			isa = PBXVariantGroup;
			children = (
				F6825AB12730ACFB00D2E438 /* Base */,
			);
			name = Main.storyboard;
			sourceTree = "<group>";
		};
		F6825AB52730ACFC00D2E438 /* LaunchScreen.storyboard */ = {
			isa = PBXVariantGroup;
			children = (
				F6825AB62730ACFC00D2E438 /* Base */,
			);
			name = LaunchScreen.storyboard;
			sourceTree = "<group>";
		};
/* End PBXVariantGroup section */

/* Begin XCBuildConfiguration section */
		F6825ACF2730ACFC00D2E438 /* Debug */ = {
			isa = XCBuildConfiguration;
			buildSettings = {
				ALWAYS_SEARCH_USER_PATHS = NO;
				CLANG_ANALYZER_NONNULL = YES;
				CLANG_ANALYZER_NUMBER_OBJECT_CONVERSION = YES_AGGRESSIVE;
				CLANG_CXX_LANGUAGE_STANDARD = "gnu++17";
				CLANG_CXX_LIBRARY = "libc++";
				CLANG_ENABLE_MODULES = YES;
				CLANG_ENABLE_OBJC_ARC = YES;
				CLANG_ENABLE_OBJC_WEAK = YES;
				CLANG_WARN_BLOCK_CAPTURE_AUTORELEASING = YES;
				CLANG_WARN_BOOL_CONVERSION = YES;
				CLANG_WARN_COMMA = YES;
				CLANG_WARN_CONSTANT_CONVERSION = YES;
				CLANG_WARN_DEPRECATED_OBJC_IMPLEMENTATIONS = YES;
				CLANG_WARN_DIRECT_OBJC_ISA_USAGE = YES_ERROR;
				CLANG_WARN_DOCUMENTATION_COMMENTS = YES;
				CLANG_WARN_EMPTY_BODY = YES;
				CLANG_WARN_ENUM_CONVERSION = YES;
				CLANG_WARN_INFINITE_RECURSION = YES;
				CLANG_WARN_INT_CONVERSION = YES;
				CLANG_WARN_NON_LITERAL_NULL_CONVERSION = YES;
				CLANG_WARN_OBJC_IMPLICIT_RETAIN_SELF = YES;
				CLANG_WARN_OBJC_LITERAL_CONVERSION = YES;
				CLANG_WARN_OBJC_ROOT_CLASS = YES_ERROR;
				CLANG_WARN_QUOTED_INCLUDE_IN_FRAMEWORK_HEADER = YES;
				CLANG_WARN_RANGE_LOOP_ANALYSIS = YES;
				CLANG_WARN_STRICT_PROTOTYPES = YES;
				CLANG_WARN_SUSPICIOUS_MOVE = YES;
				CLANG_WARN_UNGUARDED_AVAILABILITY = YES_AGGRESSIVE;
				CLANG_WARN_UNREACHABLE_CODE = YES;
				CLANG_WARN__DUPLICATE_METHOD_MATCH = YES;
				COPY_PHASE_STRIP = NO;
				DEBUG_INFORMATION_FORMAT = dwarf;
				ENABLE_STRICT_OBJC_MSGSEND = YES;
				ENABLE_TESTABILITY = YES;
				GCC_C_LANGUAGE_STANDARD = gnu11;
				GCC_DYNAMIC_NO_PIC = NO;
				GCC_NO_COMMON_BLOCKS = YES;
				GCC_OPTIMIZATION_LEVEL = 0;
				GCC_PREPROCESSOR_DEFINITIONS = (
					"DEBUG=1",
					"$(inherited)",
				);
				GCC_WARN_64_TO_32_BIT_CONVERSION = YES;
				GCC_WARN_ABOUT_RETURN_TYPE = YES_ERROR;
				GCC_WARN_UNDECLARED_SELECTOR = YES;
				GCC_WARN_UNINITIALIZED_AUTOS = YES_AGGRESSIVE;
				GCC_WARN_UNUSED_FUNCTION = YES;
				GCC_WARN_UNUSED_VARIABLE = YES;
				IPHONEOS_DEPLOYMENT_TARGET = 15.0;
				MTL_ENABLE_DEBUG_INFO = INCLUDE_SOURCE;
				MTL_FAST_MATH = YES;
				ONLY_ACTIVE_ARCH = YES;
				SDKROOT = iphoneos;
				SWIFT_ACTIVE_COMPILATION_CONDITIONS = DEBUG;
				SWIFT_OPTIMIZATION_LEVEL = "-Onone";
			};
			name = Debug;
		};
		F6825AD02730ACFC00D2E438 /* Release */ = {
			isa = XCBuildConfiguration;
			buildSettings = {
				ALWAYS_SEARCH_USER_PATHS = NO;
				CLANG_ANALYZER_NONNULL = YES;
				CLANG_ANALYZER_NUMBER_OBJECT_CONVERSION = YES_AGGRESSIVE;
				CLANG_CXX_LANGUAGE_STANDARD = "gnu++17";
				CLANG_CXX_LIBRARY = "libc++";
				CLANG_ENABLE_MODULES = YES;
				CLANG_ENABLE_OBJC_ARC = YES;
				CLANG_ENABLE_OBJC_WEAK = YES;
				CLANG_WARN_BLOCK_CAPTURE_AUTORELEASING = YES;
				CLANG_WARN_BOOL_CONVERSION = YES;
				CLANG_WARN_COMMA = YES;
				CLANG_WARN_CONSTANT_CONVERSION = YES;
				CLANG_WARN_DEPRECATED_OBJC_IMPLEMENTATIONS = YES;
				CLANG_WARN_DIRECT_OBJC_ISA_USAGE = YES_ERROR;
				CLANG_WARN_DOCUMENTATION_COMMENTS = YES;
				CLANG_WARN_EMPTY_BODY = YES;
				CLANG_WARN_ENUM_CONVERSION = YES;
				CLANG_WARN_INFINITE_RECURSION = YES;
				CLANG_WARN_INT_CONVERSION = YES;
				CLANG_WARN_NON_LITERAL_NULL_CONVERSION = YES;
				CLANG_WARN_OBJC_IMPLICIT_RETAIN_SELF = YES;
				CLANG_WARN_OBJC_LITERAL_CONVERSION = YES;
				CLANG_WARN_OBJC_ROOT_CLASS = YES_ERROR;
				CLANG_WARN_QUOTED_INCLUDE_IN_FRAMEWORK_HEADER = YES;
				CLANG_WARN_RANGE_LOOP_ANALYSIS = YES;
				CLANG_WARN_STRICT_PROTOTYPES = YES;
				CLANG_WARN_SUSPICIOUS_MOVE = YES;
				CLANG_WARN_UNGUARDED_AVAILABILITY = YES_AGGRESSIVE;
				CLANG_WARN_UNREACHABLE_CODE = YES;
				CLANG_WARN__DUPLICATE_METHOD_MATCH = YES;
				COPY_PHASE_STRIP = NO;
				DEBUG_INFORMATION_FORMAT = "dwarf-with-dsym";
				ENABLE_NS_ASSERTIONS = NO;
				ENABLE_STRICT_OBJC_MSGSEND = YES;
				GCC_C_LANGUAGE_STANDARD = gnu11;
				GCC_NO_COMMON_BLOCKS = YES;
				GCC_WARN_64_TO_32_BIT_CONVERSION = YES;
				GCC_WARN_ABOUT_RETURN_TYPE = YES_ERROR;
				GCC_WARN_UNDECLARED_SELECTOR = YES;
				GCC_WARN_UNINITIALIZED_AUTOS = YES_AGGRESSIVE;
				GCC_WARN_UNUSED_FUNCTION = YES;
				GCC_WARN_UNUSED_VARIABLE = YES;
				IPHONEOS_DEPLOYMENT_TARGET = 15.0;
				MTL_ENABLE_DEBUG_INFO = NO;
				MTL_FAST_MATH = YES;
				SDKROOT = iphoneos;
				SWIFT_COMPILATION_MODE = wholemodule;
				SWIFT_OPTIMIZATION_LEVEL = "-O";
				VALIDATE_PRODUCT = YES;
			};
			name = Release;
		};
		F6825AD22730ACFC00D2E438 /* Debug */ = {
			isa = XCBuildConfiguration;
			buildSettings = {
				ASSETCATALOG_COMPILER_APPICON_NAME = AppIcon;
				ASSETCATALOG_COMPILER_GLOBAL_ACCENT_COLOR_NAME = AccentColor;
				CODE_SIGN_STYLE = Automatic;
				CURRENT_PROJECT_VERSION = 1;
				GENERATE_INFOPLIST_FILE = YES;
				INFOPLIST_FILE = Memerly/Info.plist;
				INFOPLIST_KEY_UIApplicationSupportsIndirectInputEvents = YES;
				INFOPLIST_KEY_UILaunchStoryboardName = LaunchScreen;
				INFOPLIST_KEY_UIMainStoryboardFile = Main;
				INFOPLIST_KEY_UISupportedInterfaceOrientations_iPad = "UIInterfaceOrientationPortrait UIInterfaceOrientationPortraitUpsideDown UIInterfaceOrientationLandscapeLeft UIInterfaceOrientationLandscapeRight";
				INFOPLIST_KEY_UISupportedInterfaceOrientations_iPhone = "UIInterfaceOrientationPortrait UIInterfaceOrientationLandscapeLeft UIInterfaceOrientationLandscapeRight";
				LD_RUNPATH_SEARCH_PATHS = (
					"$(inherited)",
					"@executable_path/Frameworks",
				);
				MARKETING_VERSION = 1.0;
				PRODUCT_BUNDLE_IDENTIFIER = Team1.Memerly;
				PRODUCT_NAME = "$(TARGET_NAME)";
				SWIFT_EMIT_LOC_STRINGS = YES;
				SWIFT_VERSION = 5.0;
				TARGETED_DEVICE_FAMILY = "1,2";
			};
			name = Debug;
		};
		F6825AD32730ACFC00D2E438 /* Release */ = {
			isa = XCBuildConfiguration;
			buildSettings = {
				ASSETCATALOG_COMPILER_APPICON_NAME = AppIcon;
				ASSETCATALOG_COMPILER_GLOBAL_ACCENT_COLOR_NAME = AccentColor;
				CODE_SIGN_STYLE = Automatic;
				CURRENT_PROJECT_VERSION = 1;
				GENERATE_INFOPLIST_FILE = YES;
				INFOPLIST_FILE = Memerly/Info.plist;
				INFOPLIST_KEY_UIApplicationSupportsIndirectInputEvents = YES;
				INFOPLIST_KEY_UILaunchStoryboardName = LaunchScreen;
				INFOPLIST_KEY_UIMainStoryboardFile = Main;
				INFOPLIST_KEY_UISupportedInterfaceOrientations_iPad = "UIInterfaceOrientationPortrait UIInterfaceOrientationPortraitUpsideDown UIInterfaceOrientationLandscapeLeft UIInterfaceOrientationLandscapeRight";
				INFOPLIST_KEY_UISupportedInterfaceOrientations_iPhone = "UIInterfaceOrientationPortrait UIInterfaceOrientationLandscapeLeft UIInterfaceOrientationLandscapeRight";
				LD_RUNPATH_SEARCH_PATHS = (
					"$(inherited)",
					"@executable_path/Frameworks",
				);
				MARKETING_VERSION = 1.0;
				PRODUCT_BUNDLE_IDENTIFIER = Team1.Memerly;
				PRODUCT_NAME = "$(TARGET_NAME)";
				SWIFT_EMIT_LOC_STRINGS = YES;
				SWIFT_VERSION = 5.0;
				TARGETED_DEVICE_FAMILY = "1,2";
			};
			name = Release;
		};
		F6825AD52730ACFC00D2E438 /* Debug */ = {
			isa = XCBuildConfiguration;
			buildSettings = {
				ALWAYS_EMBED_SWIFT_STANDARD_LIBRARIES = YES;
				BUNDLE_LOADER = "$(TEST_HOST)";
				CODE_SIGN_STYLE = Automatic;
				CURRENT_PROJECT_VERSION = 1;
				GENERATE_INFOPLIST_FILE = YES;
				IPHONEOS_DEPLOYMENT_TARGET = 15.0;
				LD_RUNPATH_SEARCH_PATHS = (
					"$(inherited)",
					"@executable_path/Frameworks",
					"@loader_path/Frameworks",
				);
				MARKETING_VERSION = 1.0;
				PRODUCT_BUNDLE_IDENTIFIER = Team1.MemerlyTests;
				PRODUCT_NAME = "$(TARGET_NAME)";
				SWIFT_EMIT_LOC_STRINGS = NO;
				SWIFT_VERSION = 5.0;
				TARGETED_DEVICE_FAMILY = "1,2";
				TEST_HOST = "$(BUILT_PRODUCTS_DIR)/Memerly.app/Memerly";
			};
			name = Debug;
		};
		F6825AD62730ACFC00D2E438 /* Release */ = {
			isa = XCBuildConfiguration;
			buildSettings = {
				ALWAYS_EMBED_SWIFT_STANDARD_LIBRARIES = YES;
				BUNDLE_LOADER = "$(TEST_HOST)";
				CODE_SIGN_STYLE = Automatic;
				CURRENT_PROJECT_VERSION = 1;
				GENERATE_INFOPLIST_FILE = YES;
				IPHONEOS_DEPLOYMENT_TARGET = 15.0;
				LD_RUNPATH_SEARCH_PATHS = (
					"$(inherited)",
					"@executable_path/Frameworks",
					"@loader_path/Frameworks",
				);
				MARKETING_VERSION = 1.0;
				PRODUCT_BUNDLE_IDENTIFIER = Team1.MemerlyTests;
				PRODUCT_NAME = "$(TARGET_NAME)";
				SWIFT_EMIT_LOC_STRINGS = NO;
				SWIFT_VERSION = 5.0;
				TARGETED_DEVICE_FAMILY = "1,2";
				TEST_HOST = "$(BUILT_PRODUCTS_DIR)/Memerly.app/Memerly";
			};
			name = Release;
		};
		F6825AD82730ACFC00D2E438 /* Debug */ = {
			isa = XCBuildConfiguration;
			buildSettings = {
				ALWAYS_EMBED_SWIFT_STANDARD_LIBRARIES = YES;
				CODE_SIGN_STYLE = Automatic;
				CURRENT_PROJECT_VERSION = 1;
				GENERATE_INFOPLIST_FILE = YES;
				LD_RUNPATH_SEARCH_PATHS = (
					"$(inherited)",
					"@executable_path/Frameworks",
					"@loader_path/Frameworks",
				);
				MARKETING_VERSION = 1.0;
				PRODUCT_BUNDLE_IDENTIFIER = Team1.MemerlyUITests;
				PRODUCT_NAME = "$(TARGET_NAME)";
				SWIFT_EMIT_LOC_STRINGS = NO;
				SWIFT_VERSION = 5.0;
				TARGETED_DEVICE_FAMILY = "1,2";
				TEST_TARGET_NAME = Memerly;
			};
			name = Debug;
		};
		F6825AD92730ACFC00D2E438 /* Release */ = {
			isa = XCBuildConfiguration;
			buildSettings = {
				ALWAYS_EMBED_SWIFT_STANDARD_LIBRARIES = YES;
				CODE_SIGN_STYLE = Automatic;
				CURRENT_PROJECT_VERSION = 1;
				GENERATE_INFOPLIST_FILE = YES;
				LD_RUNPATH_SEARCH_PATHS = (
					"$(inherited)",
					"@executable_path/Frameworks",
					"@loader_path/Frameworks",
				);
				MARKETING_VERSION = 1.0;
				PRODUCT_BUNDLE_IDENTIFIER = Team1.MemerlyUITests;
				PRODUCT_NAME = "$(TARGET_NAME)";
				SWIFT_EMIT_LOC_STRINGS = NO;
				SWIFT_VERSION = 5.0;
				TARGETED_DEVICE_FAMILY = "1,2";
				TEST_TARGET_NAME = Memerly;
			};
			name = Release;
		};
/* End XCBuildConfiguration section */

/* Begin XCConfigurationList section */
		F6825AA22730ACFB00D2E438 /* Build configuration list for PBXProject "Memerly" */ = {
			isa = XCConfigurationList;
			buildConfigurations = (
				F6825ACF2730ACFC00D2E438 /* Debug */,
				F6825AD02730ACFC00D2E438 /* Release */,
			);
			defaultConfigurationIsVisible = 0;
			defaultConfigurationName = Release;
		};
		F6825AD12730ACFC00D2E438 /* Build configuration list for PBXNativeTarget "Memerly" */ = {
			isa = XCConfigurationList;
			buildConfigurations = (
				F6825AD22730ACFC00D2E438 /* Debug */,
				F6825AD32730ACFC00D2E438 /* Release */,
			);
			defaultConfigurationIsVisible = 0;
			defaultConfigurationName = Release;
		};
		F6825AD42730ACFC00D2E438 /* Build configuration list for PBXNativeTarget "MemerlyTests" */ = {
			isa = XCConfigurationList;
			buildConfigurations = (
				F6825AD52730ACFC00D2E438 /* Debug */,
				F6825AD62730ACFC00D2E438 /* Release */,
			);
			defaultConfigurationIsVisible = 0;
			defaultConfigurationName = Release;
		};
		F6825AD72730ACFC00D2E438 /* Build configuration list for PBXNativeTarget "MemerlyUITests" */ = {
			isa = XCConfigurationList;
			buildConfigurations = (
				F6825AD82730ACFC00D2E438 /* Debug */,
				F6825AD92730ACFC00D2E438 /* Release */,
			);
			defaultConfigurationIsVisible = 0;
			defaultConfigurationName = Release;
		};
/* End XCConfigurationList section */
	};
	rootObject = F6825A9F2730ACFB00D2E438 /* Project object */;
}
