// !$*UTF8*$!
{
	archiveVersion = 1;
	classes = {
	};
	objectVersion = 55;
	objects = {

/* Begin PBXBuildFile section */
		0EEEA2D90DBFED5F2B000A4F /* Pods_Memerly_MemerlyUITests.framework in Frameworks */ = {isa = PBXBuildFile; fileRef = 889144BA56525BD4A15445A8 /* Pods_Memerly_MemerlyUITests.framework */; };
		37477A8C275B32B500C30A67 /* PostCollectionViewCell.swift in Sources */ = {isa = PBXBuildFile; fileRef = 37477A8B275B32B500C30A67 /* PostCollectionViewCell.swift */; };
		37477A8E275B7E5700C30A67 /* EditProfileViewController.swift in Sources */ = {isa = PBXBuildFile; fileRef = 37477A8D275B7E5700C30A67 /* EditProfileViewController.swift */; };
		37477A90275C8F3700C30A67 /* CheckBoxButton.swift in Sources */ = {isa = PBXBuildFile; fileRef = 37477A8F275C8F3700C30A67 /* CheckBoxButton.swift */; };
		3754BB2F27670E4E00786D7C /* MemeViewController.swift in Sources */ = {isa = PBXBuildFile; fileRef = 3754BB2E27670E4E00786D7C /* MemeViewController.swift */; };
		3754BB312767238400786D7C /* Meme.swift in Sources */ = {isa = PBXBuildFile; fileRef = 3754BB302767238400786D7C /* Meme.swift */; };
		3754BB3327672B7500786D7C /* Memes.swift in Sources */ = {isa = PBXBuildFile; fileRef = 3754BB3227672B7500786D7C /* Memes.swift */; };
		3754BB3527672E9500786D7C /* Response.swift in Sources */ = {isa = PBXBuildFile; fileRef = 3754BB3427672E9500786D7C /* Response.swift */; };
		37A8B2CF274B5FB00066E596 /* OtherProfileViewController.swift in Sources */ = {isa = PBXBuildFile; fileRef = 37A8B2CE274B5FB00066E596 /* OtherProfileViewController.swift */; };
		37F6A04B275E0C3000FA1F65 /* CommentViewController.swift in Sources */ = {isa = PBXBuildFile; fileRef = 37F6A04A275E0C3000FA1F65 /* CommentViewController.swift */; };
		37F6A04D275E0F0200FA1F65 /* CommentsTableViewCell.swift in Sources */ = {isa = PBXBuildFile; fileRef = 37F6A04C275E0F0200FA1F65 /* CommentsTableViewCell.swift */; };
		BF8CFB9C5F476EA9346A6E80 /* Pods_Memerly.framework in Frameworks */ = {isa = PBXBuildFile; fileRef = F620666CF50B3560B883B8E5 /* Pods_Memerly.framework */; };
		C201C0266B3DCD441B261326 /* Pods_MemerlyTests.framework in Frameworks */ = {isa = PBXBuildFile; fileRef = 8D579247768205326262131B /* Pods_MemerlyTests.framework */; };
		F6163438275C090B0039CBC6 /* TabBarController.swift in Sources */ = {isa = PBXBuildFile; fileRef = F6163437275C090B0039CBC6 /* TabBarController.swift */; };
		F616343A275C0EB30039CBC6 /* FeedNavController.swift in Sources */ = {isa = PBXBuildFile; fileRef = F6163439275C0EB30039CBC6 /* FeedNavController.swift */; };
		F6825AAB2730ACFB00D2E438 /* AppDelegate.swift in Sources */ = {isa = PBXBuildFile; fileRef = F6825AAA2730ACFB00D2E438 /* AppDelegate.swift */; };
		F6825AAD2730ACFB00D2E438 /* SceneDelegate.swift in Sources */ = {isa = PBXBuildFile; fileRef = F6825AAC2730ACFB00D2E438 /* SceneDelegate.swift */; };
		F6825AB22730ACFB00D2E438 /* Main.storyboard in Resources */ = {isa = PBXBuildFile; fileRef = F6825AB02730ACFB00D2E438 /* Main.storyboard */; };
		F6825AB42730ACFC00D2E438 /* Assets.xcassets in Resources */ = {isa = PBXBuildFile; fileRef = F6825AB32730ACFC00D2E438 /* Assets.xcassets */; };
		F6825AB72730ACFC00D2E438 /* LaunchScreen.storyboard in Resources */ = {isa = PBXBuildFile; fileRef = F6825AB52730ACFC00D2E438 /* LaunchScreen.storyboard */; };
		F6825AC22730ACFC00D2E438 /* MemerlyTests.swift in Sources */ = {isa = PBXBuildFile; fileRef = F6825AC12730ACFC00D2E438 /* MemerlyTests.swift */; };
		F6825ACC2730ACFC00D2E438 /* MemerlyUITests.swift in Sources */ = {isa = PBXBuildFile; fileRef = F6825ACB2730ACFC00D2E438 /* MemerlyUITests.swift */; };
		F6825ACE2730ACFC00D2E438 /* MemerlyUITestsLaunchTests.swift in Sources */ = {isa = PBXBuildFile; fileRef = F6825ACD2730ACFC00D2E438 /* MemerlyUITestsLaunchTests.swift */; };
		F6A4B0FC274978C100748661 /* PostCell.swift in Sources */ = {isa = PBXBuildFile; fileRef = F6A4B0FB274978C100748661 /* PostCell.swift */; };
		F6A69DD4273F216B00D86F2B /* LoginViewController.swift in Sources */ = {isa = PBXBuildFile; fileRef = F6A69DD3273F216B00D86F2B /* LoginViewController.swift */; };
		F6A69DD8273F21B100D86F2B /* SignupViewController.swift in Sources */ = {isa = PBXBuildFile; fileRef = F6A69DD7273F21B100D86F2B /* SignupViewController.swift */; };
		F6A69DDA273F21D800D86F2B /* FeedViewController.swift in Sources */ = {isa = PBXBuildFile; fileRef = F6A69DD9273F21D800D86F2B /* FeedViewController.swift */; };
		F6A69DDC273F220E00D86F2B /* PostViewController.swift in Sources */ = {isa = PBXBuildFile; fileRef = F6A69DDB273F220E00D86F2B /* PostViewController.swift */; };
		F6A69DDE273F223300D86F2B /* ProfileViewController.swift in Sources */ = {isa = PBXBuildFile; fileRef = F6A69DDD273F223300D86F2B /* ProfileViewController.swift */; };
/* End PBXBuildFile section */

/* Begin PBXContainerItemProxy section */
		F6825ABE2730ACFC00D2E438 /* PBXContainerItemProxy */ = {
			isa = PBXContainerItemProxy;
			containerPortal = F6825A9F2730ACFB00D2E438 /* Project object */;
			proxyType = 1;
			remoteGlobalIDString = F6825AA62730ACFB00D2E438;
			remoteInfo = Memerly;
		};
		F6825AC82730ACFC00D2E438 /* PBXContainerItemProxy */ = {
			isa = PBXContainerItemProxy;
			containerPortal = F6825A9F2730ACFB00D2E438 /* Project object */;
			proxyType = 1;
			remoteGlobalIDString = F6825AA62730ACFB00D2E438;
			remoteInfo = Memerly;
		};
/* End PBXContainerItemProxy section */

/* Begin PBXFileReference section */
		37477A8B275B32B500C30A67 /* PostCollectionViewCell.swift */ = {isa = PBXFileReference; lastKnownFileType = sourcecode.swift; path = PostCollectionViewCell.swift; sourceTree = "<group>"; };
		37477A8D275B7E5700C30A67 /* EditProfileViewController.swift */ = {isa = PBXFileReference; lastKnownFileType = sourcecode.swift; path = EditProfileViewController.swift; sourceTree = "<group>"; };
		37477A8F275C8F3700C30A67 /* CheckBoxButton.swift */ = {isa = PBXFileReference; lastKnownFileType = sourcecode.swift; path = CheckBoxButton.swift; sourceTree = "<group>"; };
		3754BB2E27670E4E00786D7C /* MemeViewController.swift */ = {isa = PBXFileReference; lastKnownFileType = sourcecode.swift; path = MemeViewController.swift; sourceTree = "<group>"; };
		3754BB302767238400786D7C /* Meme.swift */ = {isa = PBXFileReference; lastKnownFileType = sourcecode.swift; path = Meme.swift; sourceTree = "<group>"; };
		3754BB3227672B7500786D7C /* Memes.swift */ = {isa = PBXFileReference; lastKnownFileType = sourcecode.swift; path = Memes.swift; sourceTree = "<group>"; };
		3754BB3427672E9500786D7C /* Response.swift */ = {isa = PBXFileReference; lastKnownFileType = sourcecode.swift; path = Response.swift; sourceTree = "<group>"; };
		37A8B2CE274B5FB00066E596 /* OtherProfileViewController.swift */ = {isa = PBXFileReference; lastKnownFileType = sourcecode.swift; path = OtherProfileViewController.swift; sourceTree = "<group>"; };
		37F6A04A275E0C3000FA1F65 /* CommentViewController.swift */ = {isa = PBXFileReference; lastKnownFileType = sourcecode.swift; path = CommentViewController.swift; sourceTree = "<group>"; };
		37F6A04C275E0F0200FA1F65 /* CommentsTableViewCell.swift */ = {isa = PBXFileReference; lastKnownFileType = sourcecode.swift; path = CommentsTableViewCell.swift; sourceTree = "<group>"; };
		889144BA56525BD4A15445A8 /* Pods_Memerly_MemerlyUITests.framework */ = {isa = PBXFileReference; explicitFileType = wrapper.framework; includeInIndex = 0; path = Pods_Memerly_MemerlyUITests.framework; sourceTree = BUILT_PRODUCTS_DIR; };
		8CCDDE0014D8702CF393A4F5 /* Pods-MemerlyTests.debug.xcconfig */ = {isa = PBXFileReference; includeInIndex = 1; lastKnownFileType = text.xcconfig; name = "Pods-MemerlyTests.debug.xcconfig"; path = "Target Support Files/Pods-MemerlyTests/Pods-MemerlyTests.debug.xcconfig"; sourceTree = "<group>"; };
		8D579247768205326262131B /* Pods_MemerlyTests.framework */ = {isa = PBXFileReference; explicitFileType = wrapper.framework; includeInIndex = 0; path = Pods_MemerlyTests.framework; sourceTree = BUILT_PRODUCTS_DIR; };
		8F7B0630D76AD8B87BEBE07C /* Pods-Memerly.release.xcconfig */ = {isa = PBXFileReference; includeInIndex = 1; lastKnownFileType = text.xcconfig; name = "Pods-Memerly.release.xcconfig"; path = "Target Support Files/Pods-Memerly/Pods-Memerly.release.xcconfig"; sourceTree = "<group>"; };
		B29FE6324106D3399BB35216 /* Pods-Memerly-MemerlyUITests.debug.xcconfig */ = {isa = PBXFileReference; includeInIndex = 1; lastKnownFileType = text.xcconfig; name = "Pods-Memerly-MemerlyUITests.debug.xcconfig"; path = "Target Support Files/Pods-Memerly-MemerlyUITests/Pods-Memerly-MemerlyUITests.debug.xcconfig"; sourceTree = "<group>"; };
		C522B65BA2F91F283CD778A3 /* Pods-MemerlyTests.release.xcconfig */ = {isa = PBXFileReference; includeInIndex = 1; lastKnownFileType = text.xcconfig; name = "Pods-MemerlyTests.release.xcconfig"; path = "Target Support Files/Pods-MemerlyTests/Pods-MemerlyTests.release.xcconfig"; sourceTree = "<group>"; };
		C6941C95E058EE01DA4CE072 /* Pods-Memerly.debug.xcconfig */ = {isa = PBXFileReference; includeInIndex = 1; lastKnownFileType = text.xcconfig; name = "Pods-Memerly.debug.xcconfig"; path = "Target Support Files/Pods-Memerly/Pods-Memerly.debug.xcconfig"; sourceTree = "<group>"; };
		E9A89C3140EDCF51AB8D02F7 /* Pods-Memerly-MemerlyUITests.release.xcconfig */ = {isa = PBXFileReference; includeInIndex = 1; lastKnownFileType = text.xcconfig; name = "Pods-Memerly-MemerlyUITests.release.xcconfig"; path = "Target Support Files/Pods-Memerly-MemerlyUITests/Pods-Memerly-MemerlyUITests.release.xcconfig"; sourceTree = "<group>"; };
		F6163437275C090B0039CBC6 /* TabBarController.swift */ = {isa = PBXFileReference; lastKnownFileType = sourcecode.swift; path = TabBarController.swift; sourceTree = "<group>"; };
		F6163439275C0EB30039CBC6 /* FeedNavController.swift */ = {isa = PBXFileReference; lastKnownFileType = sourcecode.swift; path = FeedNavController.swift; sourceTree = "<group>"; };
		F620666CF50B3560B883B8E5 /* Pods_Memerly.framework */ = {isa = PBXFileReference; explicitFileType = wrapper.framework; includeInIndex = 0; path = Pods_Memerly.framework; sourceTree = BUILT_PRODUCTS_DIR; };
		F6825AA72730ACFB00D2E438 /* Memerly.app */ = {isa = PBXFileReference; explicitFileType = wrapper.application; includeInIndex = 0; path = Memerly.app; sourceTree = BUILT_PRODUCTS_DIR; };
		F6825AAA2730ACFB00D2E438 /* AppDelegate.swift */ = {isa = PBXFileReference; lastKnownFileType = sourcecode.swift; path = AppDelegate.swift; sourceTree = "<group>"; };
		F6825AAC2730ACFB00D2E438 /* SceneDelegate.swift */ = {isa = PBXFileReference; lastKnownFileType = sourcecode.swift; path = SceneDelegate.swift; sourceTree = "<group>"; };
		F6825AB12730ACFB00D2E438 /* Base */ = {isa = PBXFileReference; lastKnownFileType = file.storyboard; name = Base; path = Base.lproj/Main.storyboard; sourceTree = "<group>"; };
		F6825AB32730ACFC00D2E438 /* Assets.xcassets */ = {isa = PBXFileReference; lastKnownFileType = folder.assetcatalog; path = Assets.xcassets; sourceTree = "<group>"; };
		F6825AB62730ACFC00D2E438 /* Base */ = {isa = PBXFileReference; lastKnownFileType = file.storyboard; name = Base; path = Base.lproj/LaunchScreen.storyboard; sourceTree = "<group>"; };
		F6825AB82730ACFC00D2E438 /* Info.plist */ = {isa = PBXFileReference; lastKnownFileType = text.plist.xml; path = Info.plist; sourceTree = "<group>"; };
		F6825ABD2730ACFC00D2E438 /* MemerlyTests.xctest */ = {isa = PBXFileReference; explicitFileType = wrapper.cfbundle; includeInIndex = 0; path = MemerlyTests.xctest; sourceTree = BUILT_PRODUCTS_DIR; };
		F6825AC12730ACFC00D2E438 /* MemerlyTests.swift */ = {isa = PBXFileReference; lastKnownFileType = sourcecode.swift; path = MemerlyTests.swift; sourceTree = "<group>"; };
		F6825AC72730ACFC00D2E438 /* MemerlyUITests.xctest */ = {isa = PBXFileReference; explicitFileType = wrapper.cfbundle; includeInIndex = 0; path = MemerlyUITests.xctest; sourceTree = BUILT_PRODUCTS_DIR; };
		F6825ACB2730ACFC00D2E438 /* MemerlyUITests.swift */ = {isa = PBXFileReference; lastKnownFileType = sourcecode.swift; path = MemerlyUITests.swift; sourceTree = "<group>"; };
		F6825ACD2730ACFC00D2E438 /* MemerlyUITestsLaunchTests.swift */ = {isa = PBXFileReference; lastKnownFileType = sourcecode.swift; path = MemerlyUITestsLaunchTests.swift; sourceTree = "<group>"; };
		F6A4B0FB274978C100748661 /* PostCell.swift */ = {isa = PBXFileReference; lastKnownFileType = sourcecode.swift; path = PostCell.swift; sourceTree = "<group>"; };
		F6A69DD3273F216B00D86F2B /* LoginViewController.swift */ = {isa = PBXFileReference; lastKnownFileType = sourcecode.swift; path = LoginViewController.swift; sourceTree = "<group>"; };
		F6A69DD7273F21B100D86F2B /* SignupViewController.swift */ = {isa = PBXFileReference; lastKnownFileType = sourcecode.swift; path = SignupViewController.swift; sourceTree = "<group>"; };
		F6A69DD9273F21D800D86F2B /* FeedViewController.swift */ = {isa = PBXFileReference; lastKnownFileType = sourcecode.swift; path = FeedViewController.swift; sourceTree = "<group>"; };
		F6A69DDB273F220E00D86F2B /* PostViewController.swift */ = {isa = PBXFileReference; lastKnownFileType = sourcecode.swift; path = PostViewController.swift; sourceTree = "<group>"; };
		F6A69DDD273F223300D86F2B /* ProfileViewController.swift */ = {isa = PBXFileReference; lastKnownFileType = sourcecode.swift; path = ProfileViewController.swift; sourceTree = "<group>"; };
/* End PBXFileReference section */

/* Begin PBXFrameworksBuildPhase section */
		F6825AA42730ACFB00D2E438 /* Frameworks */ = {
			isa = PBXFrameworksBuildPhase;
			buildActionMask = 2147483647;
			files = (
				BF8CFB9C5F476EA9346A6E80 /* Pods_Memerly.framework in Frameworks */,
			);
			runOnlyForDeploymentPostprocessing = 0;
		};
		F6825ABA2730ACFC00D2E438 /* Frameworks */ = {
			isa = PBXFrameworksBuildPhase;
			buildActionMask = 2147483647;
			files = (
				C201C0266B3DCD441B261326 /* Pods_MemerlyTests.framework in Frameworks */,
			);
			runOnlyForDeploymentPostprocessing = 0;
		};
		F6825AC42730ACFC00D2E438 /* Frameworks */ = {
			isa = PBXFrameworksBuildPhase;
			buildActionMask = 2147483647;
			files = (
				0EEEA2D90DBFED5F2B000A4F /* Pods_Memerly_MemerlyUITests.framework in Frameworks */,
			);
			runOnlyForDeploymentPostprocessing = 0;
		};
/* End PBXFrameworksBuildPhase section */

/* Begin PBXGroup section */
		5AA08B8CABBE360C07F78A4F /* Pods */ = {
			isa = PBXGroup;
			children = (
				C6941C95E058EE01DA4CE072 /* Pods-Memerly.debug.xcconfig */,
				8F7B0630D76AD8B87BEBE07C /* Pods-Memerly.release.xcconfig */,
				B29FE6324106D3399BB35216 /* Pods-Memerly-MemerlyUITests.debug.xcconfig */,
				E9A89C3140EDCF51AB8D02F7 /* Pods-Memerly-MemerlyUITests.release.xcconfig */,
				8CCDDE0014D8702CF393A4F5 /* Pods-MemerlyTests.debug.xcconfig */,
				C522B65BA2F91F283CD778A3 /* Pods-MemerlyTests.release.xcconfig */,
			);
			path = Pods;
			sourceTree = "<group>";
		};
		8BD79805B9AA36BAEE5E065F /* Frameworks */ = {
			isa = PBXGroup;
			children = (
				F620666CF50B3560B883B8E5 /* Pods_Memerly.framework */,
				889144BA56525BD4A15445A8 /* Pods_Memerly_MemerlyUITests.framework */,
				8D579247768205326262131B /* Pods_MemerlyTests.framework */,
			);
			name = Frameworks;
			sourceTree = "<group>";
		};
		F6825A9E2730ACFB00D2E438 = {
			isa = PBXGroup;
			children = (
				F6825AA92730ACFB00D2E438 /* Memerly */,
				F6825AC02730ACFC00D2E438 /* MemerlyTests */,
				F6825ACA2730ACFC00D2E438 /* MemerlyUITests */,
				F6825AA82730ACFB00D2E438 /* Products */,
				5AA08B8CABBE360C07F78A4F /* Pods */,
				8BD79805B9AA36BAEE5E065F /* Frameworks */,
			);
			sourceTree = "<group>";
		};
		F6825AA82730ACFB00D2E438 /* Products */ = {
			isa = PBXGroup;
			children = (
				F6825AA72730ACFB00D2E438 /* Memerly.app */,
				F6825ABD2730ACFC00D2E438 /* MemerlyTests.xctest */,
				F6825AC72730ACFC00D2E438 /* MemerlyUITests.xctest */,
			);
			name = Products;
			sourceTree = "<group>";
		};
		F6825AA92730ACFB00D2E438 /* Memerly */ = {
			isa = PBXGroup;
			children = (
				F6825AAA2730ACFB00D2E438 /* AppDelegate.swift */,
				F6825AAC2730ACFB00D2E438 /* SceneDelegate.swift */,
				F6825AB02730ACFB00D2E438 /* Main.storyboard */,
				F6163437275C090B0039CBC6 /* TabBarController.swift */,
				F6825AB32730ACFC00D2E438 /* Assets.xcassets */,
				F6825AB52730ACFC00D2E438 /* LaunchScreen.storyboard */,
				F6825AB82730ACFC00D2E438 /* Info.plist */,
				F6A69DD3273F216B00D86F2B /* LoginViewController.swift */,
				F6A69DD7273F21B100D86F2B /* SignupViewController.swift */,
				F6A69DD9273F21D800D86F2B /* FeedViewController.swift */,
				37477A8D275B7E5700C30A67 /* EditProfileViewController.swift */,
				F6A69DDB273F220E00D86F2B /* PostViewController.swift */,
				37F6A04A275E0C3000FA1F65 /* CommentViewController.swift */,
				3754BB2E27670E4E00786D7C /* MemeViewController.swift */,
				37477A8F275C8F3700C30A67 /* CheckBoxButton.swift */,
				3754BB302767238400786D7C /* Meme.swift */,
				3754BB3427672E9500786D7C /* Response.swift */,
				37477A8B275B32B500C30A67 /* PostCollectionViewCell.swift */,
				37F6A04C275E0F0200FA1F65 /* CommentsTableViewCell.swift */,
				3754BB3227672B7500786D7C /* Memes.swift */,
				F6A69DDD273F223300D86F2B /* ProfileViewController.swift */,
				37A8B2CE274B5FB00066E596 /* OtherProfileViewController.swift */,
				F6A4B0FB274978C100748661 /* PostCell.swift */,
				F6163439275C0EB30039CBC6 /* FeedNavController.swift */,
			);
			path = Memerly;
			sourceTree = "<group>";
		};
		F6825AC02730ACFC00D2E438 /* MemerlyTests */ = {
			isa = PBXGroup;
			children = (
				F6825AC12730ACFC00D2E438 /* MemerlyTests.swift */,
			);
			path = MemerlyTests;
			sourceTree = "<group>";
		};
		F6825ACA2730ACFC00D2E438 /* MemerlyUITests */ = {
			isa = PBXGroup;
			children = (
				F6825ACB2730ACFC00D2E438 /* MemerlyUITests.swift */,
				F6825ACD2730ACFC00D2E438 /* MemerlyUITestsLaunchTests.swift */,
			);
			path = MemerlyUITests;
			sourceTree = "<group>";
		};
/* End PBXGroup section */

/* Begin PBXNativeTarget section */
		F6825AA62730ACFB00D2E438 /* Memerly */ = {
			isa = PBXNativeTarget;
			buildConfigurationList = F6825AD12730ACFC00D2E438 /* Build configuration list for PBXNativeTarget "Memerly" */;
			buildPhases = (
				0850A0DC9A035847753835A3 /* [CP] Check Pods Manifest.lock */,
				F6825AA32730ACFB00D2E438 /* Sources */,
				F6825AA42730ACFB00D2E438 /* Frameworks */,
				F6825AA52730ACFB00D2E438 /* Resources */,
				5E832559AF07FE13C008D34C /* [CP] Embed Pods Frameworks */,
			);
			buildRules = (
			);
			dependencies = (
			);
			name = Memerly;
			productName = Memerly;
			productReference = F6825AA72730ACFB00D2E438 /* Memerly.app */;
			productType = "com.apple.product-type.application";
		};
		F6825ABC2730ACFC00D2E438 /* MemerlyTests */ = {
			isa = PBXNativeTarget;
			buildConfigurationList = F6825AD42730ACFC00D2E438 /* Build configuration list for PBXNativeTarget "MemerlyTests" */;
			buildPhases = (
				F8C7C7241F1AC157D64A424F /* [CP] Check Pods Manifest.lock */,
				F6825AB92730ACFC00D2E438 /* Sources */,
				F6825ABA2730ACFC00D2E438 /* Frameworks */,
				F6825ABB2730ACFC00D2E438 /* Resources */,
			);
			buildRules = (
			);
			dependencies = (
				F6825ABF2730ACFC00D2E438 /* PBXTargetDependency */,
			);
			name = MemerlyTests;
			productName = MemerlyTests;
			productReference = F6825ABD2730ACFC00D2E438 /* MemerlyTests.xctest */;
			productType = "com.apple.product-type.bundle.unit-test";
		};
		F6825AC62730ACFC00D2E438 /* MemerlyUITests */ = {
			isa = PBXNativeTarget;
			buildConfigurationList = F6825AD72730ACFC00D2E438 /* Build configuration list for PBXNativeTarget "MemerlyUITests" */;
			buildPhases = (
				F5813513F7C3977CF781AB85 /* [CP] Check Pods Manifest.lock */,
				F6825AC32730ACFC00D2E438 /* Sources */,
				F6825AC42730ACFC00D2E438 /* Frameworks */,
				F6825AC52730ACFC00D2E438 /* Resources */,
				2815770F2A0EB663CD958560 /* [CP] Embed Pods Frameworks */,
			);
			buildRules = (
			);
			dependencies = (
				F6825AC92730ACFC00D2E438 /* PBXTargetDependency */,
			);
			name = MemerlyUITests;
			productName = MemerlyUITests;
			productReference = F6825AC72730ACFC00D2E438 /* MemerlyUITests.xctest */;
			productType = "com.apple.product-type.bundle.ui-testing";
		};
/* End PBXNativeTarget section */

/* Begin PBXProject section */
		F6825A9F2730ACFB00D2E438 /* Project object */ = {
			isa = PBXProject;
			attributes = {
				BuildIndependentTargetsInParallel = 1;
				LastSwiftUpdateCheck = 1310;
				LastUpgradeCheck = 1310;
				TargetAttributes = {
					F6825AA62730ACFB00D2E438 = {
						CreatedOnToolsVersion = 13.1;
					};
					F6825ABC2730ACFC00D2E438 = {
						CreatedOnToolsVersion = 13.1;
						TestTargetID = F6825AA62730ACFB00D2E438;
					};
					F6825AC62730ACFC00D2E438 = {
						CreatedOnToolsVersion = 13.1;
						TestTargetID = F6825AA62730ACFB00D2E438;
					};
				};
			};
			buildConfigurationList = F6825AA22730ACFB00D2E438 /* Build configuration list for PBXProject "Memerly" */;
			compatibilityVersion = "Xcode 13.0";
			developmentRegion = en;
			hasScannedForEncodings = 0;
			knownRegions = (
				en,
				Base,
			);
			mainGroup = F6825A9E2730ACFB00D2E438;
			productRefGroup = F6825AA82730ACFB00D2E438 /* Products */;
			projectDirPath = "";
			projectRoot = "";
			targets = (
				F6825AA62730ACFB00D2E438 /* Memerly */,
				F6825ABC2730ACFC00D2E438 /* MemerlyTests */,
				F6825AC62730ACFC00D2E438 /* MemerlyUITests */,
			);
		};
/* End PBXProject section */

/* Begin PBXResourcesBuildPhase section */
		F6825AA52730ACFB00D2E438 /* Resources */ = {
			isa = PBXResourcesBuildPhase;
			buildActionMask = 2147483647;
			files = (
				F6825AB72730ACFC00D2E438 /* LaunchScreen.storyboard in Resources */,
				F6825AB42730ACFC00D2E438 /* Assets.xcassets in Resources */,
				F6825AB22730ACFB00D2E438 /* Main.storyboard in Resources */,
			);
			runOnlyForDeploymentPostprocessing = 0;
		};
		F6825ABB2730ACFC00D2E438 /* Resources */ = {
			isa = PBXResourcesBuildPhase;
			buildActionMask = 2147483647;
			files = (
			);
			runOnlyForDeploymentPostprocessing = 0;
		};
		F6825AC52730ACFC00D2E438 /* Resources */ = {
			isa = PBXResourcesBuildPhase;
			buildActionMask = 2147483647;
			files = (
			);
			runOnlyForDeploymentPostprocessing = 0;
		};
/* End PBXResourcesBuildPhase section */

/* Begin PBXShellScriptBuildPhase section */
		0850A0DC9A035847753835A3 /* [CP] Check Pods Manifest.lock */ = {
			isa = PBXShellScriptBuildPhase;
			buildActionMask = 2147483647;
			files = (
			);
			inputFileListPaths = (
			);
			inputPaths = (
				"${PODS_PODFILE_DIR_PATH}/Podfile.lock",
				"${PODS_ROOT}/Manifest.lock",
			);
			name = "[CP] Check Pods Manifest.lock";
			outputFileListPaths = (
			);
			outputPaths = (
				"$(DERIVED_FILE_DIR)/Pods-Memerly-checkManifestLockResult.txt",
			);
			runOnlyForDeploymentPostprocessing = 0;
			shellPath = /bin/sh;
			shellScript = "diff \"${PODS_PODFILE_DIR_PATH}/Podfile.lock\" \"${PODS_ROOT}/Manifest.lock\" > /dev/null\nif [ $? != 0 ] ; then\n    # print error to STDERR\n    echo \"error: The sandbox is not in sync with the Podfile.lock. Run 'pod install' or update your CocoaPods installation.\" >&2\n    exit 1\nfi\n# This output is used by Xcode 'outputs' to avoid re-running this script phase.\necho \"SUCCESS\" > \"${SCRIPT_OUTPUT_FILE_0}\"\n";
			showEnvVarsInLog = 0;
		};
		2815770F2A0EB663CD958560 /* [CP] Embed Pods Frameworks */ = {
			isa = PBXShellScriptBuildPhase;
			buildActionMask = 2147483647;
			files = (
			);
			inputFileListPaths = (
				"${PODS_ROOT}/Target Support Files/Pods-Memerly-MemerlyUITests/Pods-Memerly-MemerlyUITests-frameworks-${CONFIGURATION}-input-files.xcfilelist",
			);
			name = "[CP] Embed Pods Frameworks";
			outputFileListPaths = (
				"${PODS_ROOT}/Target Support Files/Pods-Memerly-MemerlyUITests/Pods-Memerly-MemerlyUITests-frameworks-${CONFIGURATION}-output-files.xcfilelist",
			);
			runOnlyForDeploymentPostprocessing = 0;
			shellPath = /bin/sh;
			shellScript = "\"${PODS_ROOT}/Target Support Files/Pods-Memerly-MemerlyUITests/Pods-Memerly-MemerlyUITests-frameworks.sh\"\n";
			showEnvVarsInLog = 0;
		};
		5E832559AF07FE13C008D34C /* [CP] Embed Pods Frameworks */ = {
			isa = PBXShellScriptBuildPhase;
			buildActionMask = 2147483647;
			files = (
			);
			inputFileListPaths = (
				"${PODS_ROOT}/Target Support Files/Pods-Memerly/Pods-Memerly-frameworks-${CONFIGURATION}-input-files.xcfilelist",
			);
			name = "[CP] Embed Pods Frameworks";
			outputFileListPaths = (
				"${PODS_ROOT}/Target Support Files/Pods-Memerly/Pods-Memerly-frameworks-${CONFIGURATION}-output-files.xcfilelist",
			);
			runOnlyForDeploymentPostprocessing = 0;
			shellPath = /bin/sh;
			shellScript = "\"${PODS_ROOT}/Target Support Files/Pods-Memerly/Pods-Memerly-frameworks.sh\"\n";
			showEnvVarsInLog = 0;
		};
		F5813513F7C3977CF781AB85 /* [CP] Check Pods Manifest.lock */ = {
			isa = PBXShellScriptBuildPhase;
			buildActionMask = 2147483647;
			files = (
			);
			inputFileListPaths = (
			);
			inputPaths = (
				"${PODS_PODFILE_DIR_PATH}/Podfile.lock",
				"${PODS_ROOT}/Manifest.lock",
			);
			name = "[CP] Check Pods Manifest.lock";
			outputFileListPaths = (
			);
			outputPaths = (
				"$(DERIVED_FILE_DIR)/Pods-Memerly-MemerlyUITests-checkManifestLockResult.txt",
			);
			runOnlyForDeploymentPostprocessing = 0;
			shellPath = /bin/sh;
			shellScript = "diff \"${PODS_PODFILE_DIR_PATH}/Podfile.lock\" \"${PODS_ROOT}/Manifest.lock\" > /dev/null\nif [ $? != 0 ] ; then\n    # print error to STDERR\n    echo \"error: The sandbox is not in sync with the Podfile.lock. Run 'pod install' or update your CocoaPods installation.\" >&2\n    exit 1\nfi\n# This output is used by Xcode 'outputs' to avoid re-running this script phase.\necho \"SUCCESS\" > \"${SCRIPT_OUTPUT_FILE_0}\"\n";
			showEnvVarsInLog = 0;
		};
		F8C7C7241F1AC157D64A424F /* [CP] Check Pods Manifest.lock */ = {
			isa = PBXShellScriptBuildPhase;
			buildActionMask = 2147483647;
			files = (
			);
			inputFileListPaths = (
			);
			inputPaths = (
				"${PODS_PODFILE_DIR_PATH}/Podfile.lock",
				"${PODS_ROOT}/Manifest.lock",
			);
			name = "[CP] Check Pods Manifest.lock";
			outputFileListPaths = (
			);
			outputPaths = (
				"$(DERIVED_FILE_DIR)/Pods-MemerlyTests-checkManifestLockResult.txt",
			);
			runOnlyForDeploymentPostprocessing = 0;
			shellPath = /bin/sh;
			shellScript = "diff \"${PODS_PODFILE_DIR_PATH}/Podfile.lock\" \"${PODS_ROOT}/Manifest.lock\" > /dev/null\nif [ $? != 0 ] ; then\n    # print error to STDERR\n    echo \"error: The sandbox is not in sync with the Podfile.lock. Run 'pod install' or update your CocoaPods installation.\" >&2\n    exit 1\nfi\n# This output is used by Xcode 'outputs' to avoid re-running this script phase.\necho \"SUCCESS\" > \"${SCRIPT_OUTPUT_FILE_0}\"\n";
			showEnvVarsInLog = 0;
		};
/* End PBXShellScriptBuildPhase section */

/* Begin PBXSourcesBuildPhase section */
		F6825AA32730ACFB00D2E438 /* Sources */ = {
			isa = PBXSourcesBuildPhase;
			buildActionMask = 2147483647;
			files = (
				37477A8E275B7E5700C30A67 /* EditProfileViewController.swift in Sources */,
				37477A8C275B32B500C30A67 /* PostCollectionViewCell.swift in Sources */,
				F6A69DDC273F220E00D86F2B /* PostViewController.swift in Sources */,
				37A8B2CF274B5FB00066E596 /* OtherProfileViewController.swift in Sources */,
				3754BB3527672E9500786D7C /* Response.swift in Sources */,
				37477A90275C8F3700C30A67 /* CheckBoxButton.swift in Sources */,
				37F6A04B275E0C3000FA1F65 /* CommentViewController.swift in Sources */,
				F616343A275C0EB30039CBC6 /* FeedNavController.swift in Sources */,
				F6A69DD4273F216B00D86F2B /* LoginViewController.swift in Sources */,
				3754BB2F27670E4E00786D7C /* MemeViewController.swift in Sources */,
				F6825AAB2730ACFB00D2E438 /* AppDelegate.swift in Sources */,
				F6A69DDA273F21D800D86F2B /* FeedViewController.swift in Sources */,
				F6A69DDE273F223300D86F2B /* ProfileViewController.swift in Sources */,
				F6A69DD8273F21B100D86F2B /* SignupViewController.swift in Sources */,
				F6163438275C090B0039CBC6 /* TabBarController.swift in Sources */,
				F6825AAD2730ACFB00D2E438 /* SceneDelegate.swift in Sources */,
				3754BB3327672B7500786D7C /* Memes.swift in Sources */,
				3754BB312767238400786D7C /* Meme.swift in Sources */,
				F6A4B0FC274978C100748661 /* PostCell.swift in Sources */,
				37F6A04D275E0F0200FA1F65 /* CommentsTableViewCell.swift in Sources */,
			);
			runOnlyForDeploymentPostprocessing = 0;
		};
		F6825AB92730ACFC00D2E438 /* Sources */ = {
			isa = PBXSourcesBuildPhase;
			buildActionMask = 2147483647;
			files = (
				F6825AC22730ACFC00D2E438 /* MemerlyTests.swift in Sources */,
			);
			runOnlyForDeploymentPostprocessing = 0;
		};
		F6825AC32730ACFC00D2E438 /* Sources */ = {
			isa = PBXSourcesBuildPhase;
			buildActionMask = 2147483647;
			files = (
				F6825ACE2730ACFC00D2E438 /* MemerlyUITestsLaunchTests.swift in Sources */,
				F6825ACC2730ACFC00D2E438 /* MemerlyUITests.swift in Sources */,
			);
			runOnlyForDeploymentPostprocessing = 0;
		};
/* End PBXSourcesBuildPhase section */

/* Begin PBXTargetDependency section */
		F6825ABF2730ACFC00D2E438 /* PBXTargetDependency */ = {
			isa = PBXTargetDependency;
			target = F6825AA62730ACFB00D2E438 /* Memerly */;
			targetProxy = F6825ABE2730ACFC00D2E438 /* PBXContainerItemProxy */;
		};
		F6825AC92730ACFC00D2E438 /* PBXTargetDependency */ = {
			isa = PBXTargetDependency;
			target = F6825AA62730ACFB00D2E438 /* Memerly */;
			targetProxy = F6825AC82730ACFC00D2E438 /* PBXContainerItemProxy */;
		};
/* End PBXTargetDependency section */

/* Begin PBXVariantGroup section */
		F6825AB02730ACFB00D2E438 /* Main.storyboard */ = {
			isa = PBXVariantGroup;
			children = (
				F6825AB12730ACFB00D2E438 /* Base */,
			);
			name = Main.storyboard;
			sourceTree = "<group>";
		};
		F6825AB52730ACFC00D2E438 /* LaunchScreen.storyboard */ = {
			isa = PBXVariantGroup;
			children = (
				F6825AB62730ACFC00D2E438 /* Base */,
			);
			name = LaunchScreen.storyboard;
			sourceTree = "<group>";
		};
/* End PBXVariantGroup section */

/* Begin XCBuildConfiguration section */
		F6825ACF2730ACFC00D2E438 /* Debug */ = {
			isa = XCBuildConfiguration;
			buildSettings = {
				ALWAYS_SEARCH_USER_PATHS = NO;
				CLANG_ANALYZER_NONNULL = YES;
				CLANG_ANALYZER_NUMBER_OBJECT_CONVERSION = YES_AGGRESSIVE;
				CLANG_CXX_LANGUAGE_STANDARD = "gnu++17";
				CLANG_CXX_LIBRARY = "libc++";
				CLANG_ENABLE_MODULES = YES;
				CLANG_ENABLE_OBJC_ARC = YES;
				CLANG_ENABLE_OBJC_WEAK = YES;
				CLANG_WARN_BLOCK_CAPTURE_AUTORELEASING = YES;
				CLANG_WARN_BOOL_CONVERSION = YES;
				CLANG_WARN_COMMA = YES;
				CLANG_WARN_CONSTANT_CONVERSION = YES;
				CLANG_WARN_DEPRECATED_OBJC_IMPLEMENTATIONS = YES;
				CLANG_WARN_DIRECT_OBJC_ISA_USAGE = YES_ERROR;
				CLANG_WARN_DOCUMENTATION_COMMENTS = YES;
				CLANG_WARN_EMPTY_BODY = YES;
				CLANG_WARN_ENUM_CONVERSION = YES;
				CLANG_WARN_INFINITE_RECURSION = YES;
				CLANG_WARN_INT_CONVERSION = YES;
				CLANG_WARN_NON_LITERAL_NULL_CONVERSION = YES;
				CLANG_WARN_OBJC_IMPLICIT_RETAIN_SELF = YES;
				CLANG_WARN_OBJC_LITERAL_CONVERSION = YES;
				CLANG_WARN_OBJC_ROOT_CLASS = YES_ERROR;
				CLANG_WARN_QUOTED_INCLUDE_IN_FRAMEWORK_HEADER = YES;
				CLANG_WARN_RANGE_LOOP_ANALYSIS = YES;
				CLANG_WARN_STRICT_PROTOTYPES = YES;
				CLANG_WARN_SUSPICIOUS_MOVE = YES;
				CLANG_WARN_UNGUARDED_AVAILABILITY = YES_AGGRESSIVE;
				CLANG_WARN_UNREACHABLE_CODE = YES;
				CLANG_WARN__DUPLICATE_METHOD_MATCH = YES;
				COPY_PHASE_STRIP = NO;
				DEBUG_INFORMATION_FORMAT = dwarf;
				ENABLE_STRICT_OBJC_MSGSEND = YES;
				ENABLE_TESTABILITY = YES;
				GCC_C_LANGUAGE_STANDARD = gnu11;
				GCC_DYNAMIC_NO_PIC = NO;
				GCC_NO_COMMON_BLOCKS = YES;
				GCC_OPTIMIZATION_LEVEL = 0;
				GCC_PREPROCESSOR_DEFINITIONS = (
					"DEBUG=1",
					"$(inherited)",
				);
				GCC_WARN_64_TO_32_BIT_CONVERSION = YES;
				GCC_WARN_ABOUT_RETURN_TYPE = YES_ERROR;
				GCC_WARN_UNDECLARED_SELECTOR = YES;
				GCC_WARN_UNINITIALIZED_AUTOS = YES_AGGRESSIVE;
				GCC_WARN_UNUSED_FUNCTION = YES;
				GCC_WARN_UNUSED_VARIABLE = YES;
				IPHONEOS_DEPLOYMENT_TARGET = 15.0;
				MTL_ENABLE_DEBUG_INFO = INCLUDE_SOURCE;
				MTL_FAST_MATH = YES;
				ONLY_ACTIVE_ARCH = YES;
				SDKROOT = iphoneos;
				SWIFT_ACTIVE_COMPILATION_CONDITIONS = DEBUG;
				SWIFT_OPTIMIZATION_LEVEL = "-Onone";
			};
			name = Debug;
		};
		F6825AD02730ACFC00D2E438 /* Release */ = {
			isa = XCBuildConfiguration;
			buildSettings = {
				ALWAYS_SEARCH_USER_PATHS = NO;
				CLANG_ANALYZER_NONNULL = YES;
				CLANG_ANALYZER_NUMBER_OBJECT_CONVERSION = YES_AGGRESSIVE;
				CLANG_CXX_LANGUAGE_STANDARD = "gnu++17";
				CLANG_CXX_LIBRARY = "libc++";
				CLANG_ENABLE_MODULES = YES;
				CLANG_ENABLE_OBJC_ARC = YES;
				CLANG_ENABLE_OBJC_WEAK = YES;
				CLANG_WARN_BLOCK_CAPTURE_AUTORELEASING = YES;
				CLANG_WARN_BOOL_CONVERSION = YES;
				CLANG_WARN_COMMA = YES;
				CLANG_WARN_CONSTANT_CONVERSION = YES;
				CLANG_WARN_DEPRECATED_OBJC_IMPLEMENTATIONS = YES;
				CLANG_WARN_DIRECT_OBJC_ISA_USAGE = YES_ERROR;
				CLANG_WARN_DOCUMENTATION_COMMENTS = YES;
				CLANG_WARN_EMPTY_BODY = YES;
				CLANG_WARN_ENUM_CONVERSION = YES;
				CLANG_WARN_INFINITE_RECURSION = YES;
				CLANG_WARN_INT_CONVERSION = YES;
				CLANG_WARN_NON_LITERAL_NULL_CONVERSION = YES;
				CLANG_WARN_OBJC_IMPLICIT_RETAIN_SELF = YES;
				CLANG_WARN_OBJC_LITERAL_CONVERSION = YES;
				CLANG_WARN_OBJC_ROOT_CLASS = YES_ERROR;
				CLANG_WARN_QUOTED_INCLUDE_IN_FRAMEWORK_HEADER = YES;
				CLANG_WARN_RANGE_LOOP_ANALYSIS = YES;
				CLANG_WARN_STRICT_PROTOTYPES = YES;
				CLANG_WARN_SUSPICIOUS_MOVE = YES;
				CLANG_WARN_UNGUARDED_AVAILABILITY = YES_AGGRESSIVE;
				CLANG_WARN_UNREACHABLE_CODE = YES;
				CLANG_WARN__DUPLICATE_METHOD_MATCH = YES;
				COPY_PHASE_STRIP = NO;
				DEBUG_INFORMATION_FORMAT = "dwarf-with-dsym";
				ENABLE_NS_ASSERTIONS = NO;
				ENABLE_STRICT_OBJC_MSGSEND = YES;
				GCC_C_LANGUAGE_STANDARD = gnu11;
				GCC_NO_COMMON_BLOCKS = YES;
				GCC_WARN_64_TO_32_BIT_CONVERSION = YES;
				GCC_WARN_ABOUT_RETURN_TYPE = YES_ERROR;
				GCC_WARN_UNDECLARED_SELECTOR = YES;
				GCC_WARN_UNINITIALIZED_AUTOS = YES_AGGRESSIVE;
				GCC_WARN_UNUSED_FUNCTION = YES;
				GCC_WARN_UNUSED_VARIABLE = YES;
				IPHONEOS_DEPLOYMENT_TARGET = 15.0;
				MTL_ENABLE_DEBUG_INFO = NO;
				MTL_FAST_MATH = YES;
				SDKROOT = iphoneos;
				SWIFT_COMPILATION_MODE = wholemodule;
				SWIFT_OPTIMIZATION_LEVEL = "-O";
				VALIDATE_PRODUCT = YES;
			};
			name = Release;
		};
		F6825AD22730ACFC00D2E438 /* Debug */ = {
			isa = XCBuildConfiguration;
			baseConfigurationReference = C6941C95E058EE01DA4CE072 /* Pods-Memerly.debug.xcconfig */;
			buildSettings = {
				ASSETCATALOG_COMPILER_APPICON_NAME = AppIcon;
				ASSETCATALOG_COMPILER_GLOBAL_ACCENT_COLOR_NAME = AccentColor;
				CODE_SIGN_IDENTITY = "Apple Development";
				CODE_SIGN_STYLE = Automatic;
				CURRENT_PROJECT_VERSION = 1;
				DEVELOPMENT_TEAM = 23DBPAFDLB;
				GENERATE_INFOPLIST_FILE = YES;
				INFOPLIST_FILE = Memerly/Info.plist;
				INFOPLIST_KEY_UIApplicationSupportsIndirectInputEvents = YES;
				INFOPLIST_KEY_UILaunchStoryboardName = LaunchScreen;
				INFOPLIST_KEY_UIMainStoryboardFile = Main;
				INFOPLIST_KEY_UISupportedInterfaceOrientations_iPad = "UIInterfaceOrientationPortrait UIInterfaceOrientationPortraitUpsideDown UIInterfaceOrientationLandscapeLeft UIInterfaceOrientationLandscapeRight";
				INFOPLIST_KEY_UISupportedInterfaceOrientations_iPhone = "UIInterfaceOrientationPortrait UIInterfaceOrientationLandscapeLeft UIInterfaceOrientationLandscapeRight";
				LD_RUNPATH_SEARCH_PATHS = (
					"$(inherited)",
					"@executable_path/Frameworks",
				);
				MARKETING_VERSION = 1.0;
				PRODUCT_BUNDLE_IDENTIFIER = Memerly;
				PRODUCT_NAME = "$(TARGET_NAME)";
				PROVISIONING_PROFILE_SPECIFIER = "";
				SWIFT_EMIT_LOC_STRINGS = YES;
				SWIFT_VERSION = 5.0;
				TARGETED_DEVICE_FAMILY = "1,2";
			};
			name = Debug;
		};
		F6825AD32730ACFC00D2E438 /* Release */ = {
			isa = XCBuildConfiguration;
			baseConfigurationReference = 8F7B0630D76AD8B87BEBE07C /* Pods-Memerly.release.xcconfig */;
			buildSettings = {
				ASSETCATALOG_COMPILER_APPICON_NAME = AppIcon;
				ASSETCATALOG_COMPILER_GLOBAL_ACCENT_COLOR_NAME = AccentColor;
				CODE_SIGN_IDENTITY = "Apple Development";
				CODE_SIGN_STYLE = Automatic;
				CURRENT_PROJECT_VERSION = 1;
				DEVELOPMENT_TEAM = 23DBPAFDLB;
				GENERATE_INFOPLIST_FILE = YES;
				INFOPLIST_FILE = Memerly/Info.plist;
				INFOPLIST_KEY_UIApplicationSupportsIndirectInputEvents = YES;
				INFOPLIST_KEY_UILaunchStoryboardName = LaunchScreen;
				INFOPLIST_KEY_UIMainStoryboardFile = Main;
				INFOPLIST_KEY_UISupportedInterfaceOrientations_iPad = "UIInterfaceOrientationPortrait UIInterfaceOrientationPortraitUpsideDown UIInterfaceOrientationLandscapeLeft UIInterfaceOrientationLandscapeRight";
				INFOPLIST_KEY_UISupportedInterfaceOrientations_iPhone = "UIInterfaceOrientationPortrait UIInterfaceOrientationLandscapeLeft UIInterfaceOrientationLandscapeRight";
				LD_RUNPATH_SEARCH_PATHS = (
					"$(inherited)",
					"@executable_path/Frameworks",
				);
				MARKETING_VERSION = 1.0;
				PRODUCT_BUNDLE_IDENTIFIER = Memerly;
				PRODUCT_NAME = "$(TARGET_NAME)";
				PROVISIONING_PROFILE_SPECIFIER = "";
				SWIFT_EMIT_LOC_STRINGS = YES;
				SWIFT_VERSION = 5.0;
				TARGETED_DEVICE_FAMILY = "1,2";
			};
			name = Release;
		};
		F6825AD52730ACFC00D2E438 /* Debug */ = {
			isa = XCBuildConfiguration;
			baseConfigurationReference = 8CCDDE0014D8702CF393A4F5 /* Pods-MemerlyTests.debug.xcconfig */;
			buildSettings = {
				ALWAYS_EMBED_SWIFT_STANDARD_LIBRARIES = YES;
				BUNDLE_LOADER = "$(TEST_HOST)";
				CODE_SIGN_STYLE = Automatic;
				CURRENT_PROJECT_VERSION = 1;
				DEVELOPMENT_TEAM = 34THN99WAR;
				GENERATE_INFOPLIST_FILE = YES;
				IPHONEOS_DEPLOYMENT_TARGET = 15.0;
				LD_RUNPATH_SEARCH_PATHS = (
					"$(inherited)",
					"@executable_path/Frameworks",
					"@loader_path/Frameworks",
				);
				MARKETING_VERSION = 1.0;
				PRODUCT_BUNDLE_IDENTIFIER = Team1.MemerlyTests;
				PRODUCT_NAME = "$(TARGET_NAME)";
				SWIFT_EMIT_LOC_STRINGS = NO;
				SWIFT_VERSION = 5.0;
				TARGETED_DEVICE_FAMILY = "1,2";
				TEST_HOST = "$(BUILT_PRODUCTS_DIR)/Memerly.app/Memerly";
			};
			name = Debug;
		};
		F6825AD62730ACFC00D2E438 /* Release */ = {
			isa = XCBuildConfiguration;
			baseConfigurationReference = C522B65BA2F91F283CD778A3 /* Pods-MemerlyTests.release.xcconfig */;
			buildSettings = {
				ALWAYS_EMBED_SWIFT_STANDARD_LIBRARIES = YES;
				BUNDLE_LOADER = "$(TEST_HOST)";
				CODE_SIGN_STYLE = Automatic;
				CURRENT_PROJECT_VERSION = 1;
				DEVELOPMENT_TEAM = 34THN99WAR;
				GENERATE_INFOPLIST_FILE = YES;
				IPHONEOS_DEPLOYMENT_TARGET = 15.0;
				LD_RUNPATH_SEARCH_PATHS = (
					"$(inherited)",
					"@executable_path/Frameworks",
					"@loader_path/Frameworks",
				);
				MARKETING_VERSION = 1.0;
				PRODUCT_BUNDLE_IDENTIFIER = Team1.MemerlyTests;
				PRODUCT_NAME = "$(TARGET_NAME)";
				SWIFT_EMIT_LOC_STRINGS = NO;
				SWIFT_VERSION = 5.0;
				TARGETED_DEVICE_FAMILY = "1,2";
				TEST_HOST = "$(BUILT_PRODUCTS_DIR)/Memerly.app/Memerly";
			};
			name = Release;
		};
		F6825AD82730ACFC00D2E438 /* Debug */ = {
			isa = XCBuildConfiguration;
			baseConfigurationReference = B29FE6324106D3399BB35216 /* Pods-Memerly-MemerlyUITests.debug.xcconfig */;
			buildSettings = {
				ALWAYS_EMBED_SWIFT_STANDARD_LIBRARIES = YES;
				CODE_SIGN_STYLE = Automatic;
				CURRENT_PROJECT_VERSION = 1;
				GENERATE_INFOPLIST_FILE = YES;
				LD_RUNPATH_SEARCH_PATHS = (
					"$(inherited)",
					"@executable_path/Frameworks",
					"@loader_path/Frameworks",
				);
				MARKETING_VERSION = 1.0;
				PRODUCT_BUNDLE_IDENTIFIER = Team1.MemerlyUITests;
				PRODUCT_NAME = "$(TARGET_NAME)";
				SWIFT_EMIT_LOC_STRINGS = NO;
				SWIFT_VERSION = 5.0;
				TARGETED_DEVICE_FAMILY = "1,2";
				TEST_TARGET_NAME = Memerly;
			};
			name = Debug;
		};
		F6825AD92730ACFC00D2E438 /* Release */ = {
			isa = XCBuildConfiguration;
			baseConfigurationReference = E9A89C3140EDCF51AB8D02F7 /* Pods-Memerly-MemerlyUITests.release.xcconfig */;
			buildSettings = {
				ALWAYS_EMBED_SWIFT_STANDARD_LIBRARIES = YES;
				CODE_SIGN_STYLE = Automatic;
				CURRENT_PROJECT_VERSION = 1;
				GENERATE_INFOPLIST_FILE = YES;
				LD_RUNPATH_SEARCH_PATHS = (
					"$(inherited)",
					"@executable_path/Frameworks",
					"@loader_path/Frameworks",
				);
				MARKETING_VERSION = 1.0;
				PRODUCT_BUNDLE_IDENTIFIER = Team1.MemerlyUITests;
				PRODUCT_NAME = "$(TARGET_NAME)";
				SWIFT_EMIT_LOC_STRINGS = NO;
				SWIFT_VERSION = 5.0;
				TARGETED_DEVICE_FAMILY = "1,2";
				TEST_TARGET_NAME = Memerly;
			};
			name = Release;
		};
/* End XCBuildConfiguration section */

/* Begin XCConfigurationList section */
		F6825AA22730ACFB00D2E438 /* Build configuration list for PBXProject "Memerly" */ = {
			isa = XCConfigurationList;
			buildConfigurations = (
				F6825ACF2730ACFC00D2E438 /* Debug */,
				F6825AD02730ACFC00D2E438 /* Release */,
			);
			defaultConfigurationIsVisible = 0;
			defaultConfigurationName = Release;
		};
		F6825AD12730ACFC00D2E438 /* Build configuration list for PBXNativeTarget "Memerly" */ = {
			isa = XCConfigurationList;
			buildConfigurations = (
				F6825AD22730ACFC00D2E438 /* Debug */,
				F6825AD32730ACFC00D2E438 /* Release */,
			);
			defaultConfigurationIsVisible = 0;
			defaultConfigurationName = Release;
		};
		F6825AD42730ACFC00D2E438 /* Build configuration list for PBXNativeTarget "MemerlyTests" */ = {
			isa = XCConfigurationList;
			buildConfigurations = (
				F6825AD52730ACFC00D2E438 /* Debug */,
				F6825AD62730ACFC00D2E438 /* Release */,
			);
			defaultConfigurationIsVisible = 0;
			defaultConfigurationName = Release;
		};
		F6825AD72730ACFC00D2E438 /* Build configuration list for PBXNativeTarget "MemerlyUITests" */ = {
			isa = XCConfigurationList;
			buildConfigurations = (
				F6825AD82730ACFC00D2E438 /* Debug */,
				F6825AD92730ACFC00D2E438 /* Release */,
			);
			defaultConfigurationIsVisible = 0;
			defaultConfigurationName = Release;
		};
/* End XCConfigurationList section */
	};
	rootObject = F6825A9F2730ACFB00D2E438 /* Project object */;
}
